
Microsoft Visual Studio Solution File, Format Version 12.00
# Visual Studio Version 17
VisualStudioVersion = 17.8.34330.188
MinimumVisualStudioVersion = 10.0.40219.1
Project("{FAE04EC0-301F-11D3-BF4B-00C04F79EFBC}") = "Backend", "Backend.csproj", "{01B30DBF-6836-47FC-B3CE-3DC632A5120B}"
EndProject
Global
	GlobalSection(SolutionConfigurationPlatforms) = preSolution
		Debug|Any CPU = Debug|Any CPU
		Release|Any CPU = Release|Any CPU
	EndGlobalSection
	GlobalSection(ProjectConfigurationPlatforms) = postSolution
		{01B30DBF-6836-47FC-B3CE-3DC632A5120B}.Debug|Any CPU.ActiveCfg = Debug|Any CPU
		{01B30DBF-6836-47FC-B3CE-3DC632A5120B}.Debug|Any CPU.Build.0 = Debug|Any CPU
		{01B30DBF-6836-47FC-B3CE-3DC632A5120B}.Release|Any CPU.ActiveCfg = Release|Any CPU
		{01B30DBF-6836-47FC-B3CE-3DC632A5120B}.Release|Any CPU.Build.0 = Release|Any CPU
	EndGlobalSection
	GlobalSection(SolutionProperties) = preSolution
		HideSolutionNode = FALSE
	EndGlobalSection
	GlobalSection(ExtensibilityGlobals) = postSolution
		SolutionGuid = {A85A4905-BDB9-4A92-9380-DDFD77CC5808}
	EndGlobalSection
EndGlobal
